
Microsoft Visual Studio Solution File, Format Version 12.00
# Visual Studio Version 17
VisualStudioVersion = 17.14.36203.30 d17.14
MinimumVisualStudioVersion = 10.0.40219.1
Project("{FAE04EC0-301F-11D3-BF4B-00C04F79EFBC}") = "Master", "Master\Master.csproj", "{A5A44241-D7BC-48E3-9237-5C97CBDB695B}"
EndProject
Global
	GlobalSection(SolutionConfigurationPlatforms) = preSolution
		Debug|Any CPU = Debug|Any CPU
		Release|Any CPU = Release|Any CPU
	EndGlobalSection
	GlobalSection(ProjectConfigurationPlatforms) = postSolution
		{A5A44241-D7BC-48E3-9237-5C97CBDB695B}.Debug|Any CPU.ActiveCfg = Debug|Any CPU
		{A5A44241-D7BC-48E3-9237-5C97CBDB695B}.Debug|Any CPU.Build.0 = Debug|Any CPU
		{A5A44241-D7BC-48E3-9237-5C97CBDB695B}.Release|Any CPU.ActiveCfg = Release|Any CPU
		{A5A44241-D7BC-48E3-9237-5C97CBDB695B}.Release|Any CPU.Build.0 = Release|Any CPU
	EndGlobalSection
	GlobalSection(SolutionProperties) = preSolution
		HideSolutionNode = FALSE
	EndGlobalSection
	GlobalSection(ExtensibilityGlobals) = postSolution
		SolutionGuid = {CAF60E35-DCA3-4A64-9A59-B6B1A2EC4F82}
	EndGlobalSection
EndGlobal
